# Code generated by scarb DO NOT EDIT.
version = 1

[[package]]
name = "cubit"
version = "1.2.0"
source = "git+https://github.com/raphaelDkhn/cubit.git#e6331ebf98c5d5f442a0e5edefe0b367c8e270d9"

[[package]]
name = "dojo"
version = "0.3.4"
source = "git+https://github.com/dojoengine/dojo#d62ec8a522f92d0a0ccf226c6e929bb918b31128"
dependencies = [
 "dojo_plugin",
]

[[package]]
name = "dojo_plugin"
version = "0.3.6"

[[package]]
name = "werewolves_of_cairo"
version = "0.0.1"
dependencies = [
 "cubit",
 "dojo",
]
